// !$*UTF8*$!
{
	archiveVersion = 1;
	classes = {
	};
	objectVersion = 46;
	objects = {

/* Begin PBXBuildFile section */
		C9792FCA18F94CC30041AC30 /* Foundation.framework in Frameworks */ = {isa = PBXBuildFile; fileRef = C9792FC918F94CC30041AC30 /* Foundation.framework */; };
		C9792FCC18F94CC30041AC30 /* CoreGraphics.framework in Frameworks */ = {isa = PBXBuildFile; fileRef = C9792FCB18F94CC30041AC30 /* CoreGraphics.framework */; };
		C9792FCE18F94CC30041AC30 /* UIKit.framework in Frameworks */ = {isa = PBXBuildFile; fileRef = C9792FCD18F94CC30041AC30 /* UIKit.framework */; };
		C9792FD018F94CC30041AC30 /* SpriteKit.framework in Frameworks */ = {isa = PBXBuildFile; fileRef = C9792FCF18F94CC30041AC30 /* SpriteKit.framework */; };
		C9792FD618F94CC30041AC30 /* InfoPlist.strings in Resources */ = {isa = PBXBuildFile; fileRef = C9792FD418F94CC30041AC30 /* InfoPlist.strings */; };
		C9792FD818F94CC30041AC30 /* main.m in Sources */ = {isa = PBXBuildFile; fileRef = C9792FD718F94CC30041AC30 /* main.m */; };
		C9792FDC18F94CC30041AC30 /* AppDelegate.m in Sources */ = {isa = PBXBuildFile; fileRef = C9792FDB18F94CC30041AC30 /* AppDelegate.m */; };
		C9792FDF18F94CC30041AC30 /* Main.storyboard in Resources */ = {isa = PBXBuildFile; fileRef = C9792FDD18F94CC30041AC30 /* Main.storyboard */; };
		C9792FE218F94CC30041AC30 /* ViewController.m in Sources */ = {isa = PBXBuildFile; fileRef = C9792FE118F94CC30041AC30 /* ViewController.m */; };
		C9792FE518F94CC30041AC30 /* MyScene.m in Sources */ = {isa = PBXBuildFile; fileRef = C9792FE418F94CC30041AC30 /* MyScene.m */; };
		C9792FE918F94CC30041AC30 /* Images.xcassets in Resources */ = {isa = PBXBuildFile; fileRef = C9792FE818F94CC30041AC30 /* Images.xcassets */; };
		C9792FF018F94CC30041AC30 /* XCTest.framework in Frameworks */ = {isa = PBXBuildFile; fileRef = C9792FEF18F94CC30041AC30 /* XCTest.framework */; };
		C9792FF118F94CC30041AC30 /* Foundation.framework in Frameworks */ = {isa = PBXBuildFile; fileRef = C9792FC918F94CC30041AC30 /* Foundation.framework */; };
		C9792FF218F94CC30041AC30 /* UIKit.framework in Frameworks */ = {isa = PBXBuildFile; fileRef = C9792FCD18F94CC30041AC30 /* UIKit.framework */; };
		C9792FFA18F94CC30041AC30 /* InfoPlist.strings in Resources */ = {isa = PBXBuildFile; fileRef = C9792FF818F94CC30041AC30 /* InfoPlist.strings */; };
		C9792FFC18F94CC30041AC30 /* letterByLetterTests.m in Sources */ = {isa = PBXBuildFile; fileRef = C9792FFB18F94CC30041AC30 /* letterByLetterTests.m */; };
/* End PBXBuildFile section */

/* Begin PBXContainerItemProxy section */
		C9792FF318F94CC30041AC30 /* PBXContainerItemProxy */ = {
			isa = PBXContainerItemProxy;
			containerPortal = C9792FBE18F94CC30041AC30 /* Project object */;
			proxyType = 1;
			remoteGlobalIDString = C9792FC518F94CC30041AC30;
			remoteInfo = letterByLetter;
		};
/* End PBXContainerItemProxy section */

/* Begin PBXFileReference section */
		C9792FC618F94CC30041AC30 /* letterByLetter.app */ = {isa = PBXFileReference; explicitFileType = wrapper.application; includeInIndex = 0; path = letterByLetter.app; sourceTree = BUILT_PRODUCTS_DIR; };
		C9792FC918F94CC30041AC30 /* Foundation.framework */ = {isa = PBXFileReference; lastKnownFileType = wrapper.framework; name = Foundation.framework; path = System/Library/Frameworks/Foundation.framework; sourceTree = SDKROOT; };
		C9792FCB18F94CC30041AC30 /* CoreGraphics.framework */ = {isa = PBXFileReference; lastKnownFileType = wrapper.framework; name = CoreGraphics.framework; path = System/Library/Frameworks/CoreGraphics.framework; sourceTree = SDKROOT; };
		C9792FCD18F94CC30041AC30 /* UIKit.framework */ = {isa = PBXFileReference; lastKnownFileType = wrapper.framework; name = UIKit.framework; path = System/Library/Frameworks/UIKit.framework; sourceTree = SDKROOT; };
		C9792FCF18F94CC30041AC30 /* SpriteKit.framework */ = {isa = PBXFileReference; lastKnownFileType = wrapper.framework; name = SpriteKit.framework; path = System/Library/Frameworks/SpriteKit.framework; sourceTree = SDKROOT; };
		C9792FD318F94CC30041AC30 /* letterByLetter-Info.plist */ = {isa = PBXFileReference; lastKnownFileType = text.plist.xml; path = "letterByLetter-Info.plist"; sourceTree = "<group>"; };
		C9792FD518F94CC30041AC30 /* en */ = {isa = PBXFileReference; lastKnownFileType = text.plist.strings; name = en; path = en.lproj/InfoPlist.strings; sourceTree = "<group>"; };
		C9792FD718F94CC30041AC30 /* main.m */ = {isa = PBXFileReference; lastKnownFileType = sourcecode.c.objc; path = main.m; sourceTree = "<group>"; };
		C9792FD918F94CC30041AC30 /* letterByLetter-Prefix.pch */ = {isa = PBXFileReference; lastKnownFileType = sourcecode.c.h; path = "letterByLetter-Prefix.pch"; sourceTree = "<group>"; };
		C9792FDA18F94CC30041AC30 /* AppDelegate.h */ = {isa = PBXFileReference; lastKnownFileType = sourcecode.c.h; path = AppDelegate.h; sourceTree = "<group>"; };
		C9792FDB18F94CC30041AC30 /* AppDelegate.m */ = {isa = PBXFileReference; lastKnownFileType = sourcecode.c.objc; path = AppDelegate.m; sourceTree = "<group>"; };
		C9792FDE18F94CC30041AC30 /* Base */ = {isa = PBXFileReference; lastKnownFileType = file.storyboard; name = Base; path = Base.lproj/Main.storyboard; sourceTree = "<group>"; };
		C9792FE018F94CC30041AC30 /* ViewController.h */ = {isa = PBXFileReference; lastKnownFileType = sourcecode.c.h; path = ViewController.h; sourceTree = "<group>"; };
		C9792FE118F94CC30041AC30 /* ViewController.m */ = {isa = PBXFileReference; lastKnownFileType = sourcecode.c.objc; path = ViewController.m; sourceTree = "<group>"; };
		C9792FE318F94CC30041AC30 /* MyScene.h */ = {isa = PBXFileReference; lastKnownFileType = sourcecode.c.h; path = MyScene.h; sourceTree = "<group>"; };
		C9792FE418F94CC30041AC30 /* MyScene.m */ = {isa = PBXFileReference; lastKnownFileType = sourcecode.c.objc; path = MyScene.m; sourceTree = "<group>"; };
		C9792FE818F94CC30041AC30 /* Images.xcassets */ = {isa = PBXFileReference; lastKnownFileType = folder.assetcatalog; path = Images.xcassets; sourceTree = "<group>"; };
		C9792FEE18F94CC30041AC30 /* letterByLetterTests.xctest */ = {isa = PBXFileReference; explicitFileType = wrapper.cfbundle; includeInIndex = 0; path = letterByLetterTests.xctest; sourceTree = BUILT_PRODUCTS_DIR; };
		C9792FEF18F94CC30041AC30 /* XCTest.framework */ = {isa = PBXFileReference; lastKnownFileType = wrapper.framework; name = XCTest.framework; path = Library/Frameworks/XCTest.framework; sourceTree = DEVELOPER_DIR; };
		C9792FF718F94CC30041AC30 /* letterByLetterTests-Info.plist */ = {isa = PBXFileReference; lastKnownFileType = text.plist.xml; path = "letterByLetterTests-Info.plist"; sourceTree = "<group>"; };
		C9792FF918F94CC30041AC30 /* en */ = {isa = PBXFileReference; lastKnownFileType = text.plist.strings; name = en; path = en.lproj/InfoPlist.strings; sourceTree = "<group>"; };
		C9792FFB18F94CC30041AC30 /* letterByLetterTests.m */ = {isa = PBXFileReference; lastKnownFileType = sourcecode.c.objc; path = letterByLetterTests.m; sourceTree = "<group>"; };
/* End PBXFileReference section */

/* Begin PBXFrameworksBuildPhase section */
		C9792FC318F94CC30041AC30 /* Frameworks */ = {
			isa = PBXFrameworksBuildPhase;
			buildActionMask = 2147483647;
			files = (
				C9792FCC18F94CC30041AC30 /* CoreGraphics.framework in Frameworks */,
				C9792FCE18F94CC30041AC30 /* UIKit.framework in Frameworks */,
				C9792FD018F94CC30041AC30 /* SpriteKit.framework in Frameworks */,
				C9792FCA18F94CC30041AC30 /* Foundation.framework in Frameworks */,
			);
			runOnlyForDeploymentPostprocessing = 0;
		};
		C9792FEB18F94CC30041AC30 /* Frameworks */ = {
			isa = PBXFrameworksBuildPhase;
			buildActionMask = 2147483647;
			files = (
				C9792FF018F94CC30041AC30 /* XCTest.framework in Frameworks */,
				C9792FF218F94CC30041AC30 /* UIKit.framework in Frameworks */,
				C9792FF118F94CC30041AC30 /* Foundation.framework in Frameworks */,
			);
			runOnlyForDeploymentPostprocessing = 0;
		};
/* End PBXFrameworksBuildPhase section */

/* Begin PBXGroup section */
		C9792FBD18F94CC30041AC30 = {
			isa = PBXGroup;
			children = (
				C9792FD118F94CC30041AC30 /* letterByLetter */,
				C9792FF518F94CC30041AC30 /* letterByLetterTests */,
				C9792FC818F94CC30041AC30 /* Frameworks */,
				C9792FC718F94CC30041AC30 /* Products */,
			);
			sourceTree = "<group>";
		};
		C9792FC718F94CC30041AC30 /* Products */ = {
			isa = PBXGroup;
			children = (
				C9792FC618F94CC30041AC30 /* letterByLetter.app */,
				C9792FEE18F94CC30041AC30 /* letterByLetterTests.xctest */,
			);
			name = Products;
			sourceTree = "<group>";
		};
		C9792FC818F94CC30041AC30 /* Frameworks */ = {
			isa = PBXGroup;
			children = (
				C9792FC918F94CC30041AC30 /* Foundation.framework */,
				C9792FCB18F94CC30041AC30 /* CoreGraphics.framework */,
				C9792FCD18F94CC30041AC30 /* UIKit.framework */,
				C9792FCF18F94CC30041AC30 /* SpriteKit.framework */,
				C9792FEF18F94CC30041AC30 /* XCTest.framework */,
			);
			name = Frameworks;
			sourceTree = "<group>";
		};
		C9792FD118F94CC30041AC30 /* letterByLetter */ = {
			isa = PBXGroup;
			children = (
				C9792FDA18F94CC30041AC30 /* AppDelegate.h */,
				C9792FDB18F94CC30041AC30 /* AppDelegate.m */,
				C9792FDD18F94CC30041AC30 /* Main.storyboard */,
				C9792FE018F94CC30041AC30 /* ViewController.h */,
				C9792FE118F94CC30041AC30 /* ViewController.m */,
				C9792FE318F94CC30041AC30 /* MyScene.h */,
				C9792FE418F94CC30041AC30 /* MyScene.m */,
				C9792FE818F94CC30041AC30 /* Images.xcassets */,
				C9792FD218F94CC30041AC30 /* Supporting Files */,
			);
			path = letterByLetter;
			sourceTree = "<group>";
		};
		C9792FD218F94CC30041AC30 /* Supporting Files */ = {
			isa = PBXGroup;
			children = (
				C9792FD318F94CC30041AC30 /* letterByLetter-Info.plist */,
				C9792FD418F94CC30041AC30 /* InfoPlist.strings */,
				C9792FD718F94CC30041AC30 /* main.m */,
				C9792FD918F94CC30041AC30 /* letterByLetter-Prefix.pch */,
			);
			name = "Supporting Files";
			sourceTree = "<group>";
		};
		C9792FF518F94CC30041AC30 /* letterByLetterTests */ = {
			isa = PBXGroup;
			children = (
				C9792FFB18F94CC30041AC30 /* letterByLetterTests.m */,
				C9792FF618F94CC30041AC30 /* Supporting Files */,
			);
			path = letterByLetterTests;
			sourceTree = "<group>";
		};
		C9792FF618F94CC30041AC30 /* Supporting Files */ = {
			isa = PBXGroup;
			children = (
				C9792FF718F94CC30041AC30 /* letterByLetterTests-Info.plist */,
				C9792FF818F94CC30041AC30 /* InfoPlist.strings */,
			);
			name = "Supporting Files";
			sourceTree = "<group>";
		};
/* End PBXGroup section */

/* Begin PBXNativeTarget section */
		C9792FC518F94CC30041AC30 /* letterByLetter */ = {
			isa = PBXNativeTarget;
			buildConfigurationList = C9792FFF18F94CC30041AC30 /* Build configuration list for PBXNativeTarget "letterByLetter" */;
			buildPhases = (
				C9792FC218F94CC30041AC30 /* Sources */,
				C9792FC318F94CC30041AC30 /* Frameworks */,
				C9792FC418F94CC30041AC30 /* Resources */,
			);
			buildRules = (
			);
			dependencies = (
			);
			name = letterByLetter;
			productName = letterByLetter;
			productReference = C9792FC618F94CC30041AC30 /* letterByLetter.app */;
			productType = "com.apple.product-type.application";
		};
		C9792FED18F94CC30041AC30 /* letterByLetterTests */ = {
			isa = PBXNativeTarget;
			buildConfigurationList = C979300218F94CC30041AC30 /* Build configuration list for PBXNativeTarget "letterByLetterTests" */;
			buildPhases = (
				C9792FEA18F94CC30041AC30 /* Sources */,
				C9792FEB18F94CC30041AC30 /* Frameworks */,
				C9792FEC18F94CC30041AC30 /* Resources */,
			);
			buildRules = (
			);
			dependencies = (
				C9792FF418F94CC30041AC30 /* PBXTargetDependency */,
			);
			name = letterByLetterTests;
			productName = letterByLetterTests;
			productReference = C9792FEE18F94CC30041AC30 /* letterByLetterTests.xctest */;
			productType = "com.apple.product-type.bundle.unit-test";
		};
/* End PBXNativeTarget section */

/* Begin PBXProject section */
		C9792FBE18F94CC30041AC30 /* Project object */ = {
			isa = PBXProject;
			attributes = {
				LastUpgradeCheck = 0510;
				ORGANIZATIONNAME = "Maxim Frisk";
				TargetAttributes = {
					C9792FED18F94CC30041AC30 = {
						TestTargetID = C9792FC518F94CC30041AC30;
					};
				};
			};
			buildConfigurationList = C9792FC118F94CC30041AC30 /* Build configuration list for PBXProject "letterByLetter" */;
			compatibilityVersion = "Xcode 3.2";
			developmentRegion = English;
			hasScannedForEncodings = 0;
			knownRegions = (
				en,
				Base,
			);
			mainGroup = C9792FBD18F94CC30041AC30;
			productRefGroup = C9792FC718F94CC30041AC30 /* Products */;
			projectDirPath = "";
			projectRoot = "";
			targets = (
				C9792FC518F94CC30041AC30 /* letterByLetter */,
				C9792FED18F94CC30041AC30 /* letterByLetterTests */,
			);
		};
/* End PBXProject section */

/* Begin PBXResourcesBuildPhase section */
		C9792FC418F94CC30041AC30 /* Resources */ = {
			isa = PBXResourcesBuildPhase;
			buildActionMask = 2147483647;
			files = (
				C9792FD618F94CC30041AC30 /* InfoPlist.strings in Resources */,
				C9792FE918F94CC30041AC30 /* Images.xcassets in Resources */,
				C9792FDF18F94CC30041AC30 /* Main.storyboard in Resources */,
			);
			runOnlyForDeploymentPostprocessing = 0;
		};
		C9792FEC18F94CC30041AC30 /* Resources */ = {
			isa = PBXResourcesBuildPhase;
			buildActionMask = 2147483647;
			files = (
				C9792FFA18F94CC30041AC30 /* InfoPlist.strings in Resources */,
			);
			runOnlyForDeploymentPostprocessing = 0;
		};
/* End PBXResourcesBuildPhase section */

/* Begin PBXSourcesBuildPhase section */
		C9792FC218F94CC30041AC30 /* Sources */ = {
			isa = PBXSourcesBuildPhase;
			buildActionMask = 2147483647;
			files = (
				C9792FE518F94CC30041AC30 /* MyScene.m in Sources */,
				C9792FE218F94CC30041AC30 /* ViewController.m in Sources */,
				C9792FDC18F94CC30041AC30 /* AppDelegate.m in Sources */,
				C9792FD818F94CC30041AC30 /* main.m in Sources */,
			);
			runOnlyForDeploymentPostprocessing = 0;
		};
		C9792FEA18F94CC30041AC30 /* Sources */ = {
			isa = PBXSourcesBuildPhase;
			buildActionMask = 2147483647;
			files = (
				C9792FFC18F94CC30041AC30 /* letterByLetterTests.m in Sources */,
			);
			runOnlyForDeploymentPostprocessing = 0;
		};
/* End PBXSourcesBuildPhase section */

/* Begin PBXTargetDependency section */
		C9792FF418F94CC30041AC30 /* PBXTargetDependency */ = {
			isa = PBXTargetDependency;
			target = C9792FC518F94CC30041AC30 /* letterByLetter */;
			targetProxy = C9792FF318F94CC30041AC30 /* PBXContainerItemProxy */;
		};
/* End PBXTargetDependency section */

/* Begin PBXVariantGroup section */
		C9792FD418F94CC30041AC30 /* InfoPlist.strings */ = {
			isa = PBXVariantGroup;
			children = (
				C9792FD518F94CC30041AC30 /* en */,
			);
			name = InfoPlist.strings;
			sourceTree = "<group>";
		};
		C9792FDD18F94CC30041AC30 /* Main.storyboard */ = {
			isa = PBXVariantGroup;
			children = (
				C9792FDE18F94CC30041AC30 /* Base */,
			);
			name = Main.storyboard;
			sourceTree = "<group>";
		};
		C9792FF818F94CC30041AC30 /* InfoPlist.strings */ = {
			isa = PBXVariantGroup;
			children = (
				C9792FF918F94CC30041AC30 /* en */,
			);
			name = InfoPlist.strings;
			sourceTree = "<group>";
		};
/* End PBXVariantGroup section */

/* Begin XCBuildConfiguration section */
		C9792FFD18F94CC30041AC30 /* Debug */ = {
			isa = XCBuildConfiguration;
			buildSettings = {
				ALWAYS_SEARCH_USER_PATHS = NO;
				CLANG_CXX_LANGUAGE_STANDARD = "gnu++0x";
				CLANG_CXX_LIBRARY = "libc++";
				CLANG_ENABLE_MODULES = YES;
				CLANG_ENABLE_OBJC_ARC = YES;
				CLANG_WARN_BOOL_CONVERSION = YES;
				CLANG_WARN_CONSTANT_CONVERSION = YES;
				CLANG_WARN_DIRECT_OBJC_ISA_USAGE = YES_ERROR;
				CLANG_WARN_EMPTY_BODY = YES;
				CLANG_WARN_ENUM_CONVERSION = YES;
				CLANG_WARN_INT_CONVERSION = YES;
				CLANG_WARN_OBJC_ROOT_CLASS = YES_ERROR;
				CLANG_WARN__DUPLICATE_METHOD_MATCH = YES;
				"CODE_SIGN_IDENTITY[sdk=iphoneos*]" = "iPhone Developer";
				COPY_PHASE_STRIP = NO;
				GCC_C_LANGUAGE_STANDARD = gnu99;
				GCC_DYNAMIC_NO_PIC = NO;
				GCC_OPTIMIZATION_LEVEL = 0;
				GCC_PREPROCESSOR_DEFINITIONS = (
					"DEBUG=1",
					"$(inherited)",
				);
				GCC_SYMBOLS_PRIVATE_EXTERN = NO;
				GCC_WARN_64_TO_32_BIT_CONVERSION = YES;
				GCC_WARN_ABOUT_RETURN_TYPE = YES_ERROR;
				GCC_WARN_UNDECLARED_SELECTOR = YES;
				GCC_WARN_UNINITIALIZED_AUTOS = YES_AGGRESSIVE;
				GCC_WARN_UNUSED_FUNCTION = YES;
				GCC_WARN_UNUSED_VARIABLE = YES;
				IPHONEOS_DEPLOYMENT_TARGET = 7.1;
				ONLY_ACTIVE_ARCH = YES;
				SDKROOT = iphoneos;
			};
			name = Debug;
		};
		C9792FFE18F94CC30041AC30 /* Release */ = {
			isa = XCBuildConfiguration;
			buildSettings = {
				ALWAYS_SEARCH_USER_PATHS = NO;
				CLANG_CXX_LANGUAGE_STANDARD = "gnu++0x";
				CLANG_CXX_LIBRARY = "libc++";
				CLANG_ENABLE_MODULES = YES;
				CLANG_ENABLE_OBJC_ARC = YES;
				CLANG_WARN_BOOL_CONVERSION = YES;
				CLANG_WARN_CONSTANT_CONVERSION = YES;
				CLANG_WARN_DIRECT_OBJC_ISA_USAGE = YES_ERROR;
				CLANG_WARN_EMPTY_BODY = YES;
				CLANG_WARN_ENUM_CONVERSION = YES;
				CLANG_WARN_INT_CONVERSION = YES;
				CLANG_WARN_OBJC_ROOT_CLASS = YES_ERROR;
				CLANG_WARN__DUPLICATE_METHOD_MATCH = YES;
				"CODE_SIGN_IDENTITY[sdk=iphoneos*]" = "iPhone Developer";
				COPY_PHASE_STRIP = YES;
				ENABLE_NS_ASSERTIONS = NO;
				GCC_C_LANGUAGE_STANDARD = gnu99;
				GCC_WARN_64_TO_32_BIT_CONVERSION = YES;
				GCC_WARN_ABOUT_RETURN_TYPE = YES_ERROR;
				GCC_WARN_UNDECLARED_SELECTOR = YES;
				GCC_WARN_UNINITIALIZED_AUTOS = YES_AGGRESSIVE;
				GCC_WARN_UNUSED_FUNCTION = YES;
				GCC_WARN_UNUSED_VARIABLE = YES;
				IPHONEOS_DEPLOYMENT_TARGET = 7.1;
				SDKROOT = iphoneos;
				VALIDATE_PRODUCT = YES;
			};
			name = Release;
		};
		C979300018F94CC30041AC30 /* Debug */ = {
			isa = XCBuildConfiguration;
			buildSettings = {
				ASSETCATALOG_COMPILER_APPICON_NAME = AppIcon;
				ASSETCATALOG_COMPILER_LAUNCHIMAGE_NAME = LaunchImage;
				GCC_PRECOMPILE_PREFIX_HEADER = YES;
				GCC_PREFIX_HEADER = "letterByLetter/letterByLetter-Prefix.pch";
				INFOPLIST_FILE = "letterByLetter/letterByLetter-Info.plist";
				PRODUCT_NAME = "$(TARGET_NAME)";
				SPRITEKIT_TEXTURE_ATLAS_OUTPUT = YES;
				WRAPPER_EXTENSION = app;
			};
			name = Debug;
		};
		C979300118F94CC30041AC30 /* Release */ = {
			isa = XCBuildConfiguration;
			buildSettings = {
				ASSETCATALOG_COMPILER_APPICON_NAME = AppIcon;
				ASSETCATALOG_COMPILER_LAUNCHIMAGE_NAME = LaunchImage;
				GCC_PRECOMPILE_PREFIX_HEADER = YES;
				GCC_PREFIX_HEADER = "letterByLetter/letterByLetter-Prefix.pch";
				INFOPLIST_FILE = "letterByLetter/letterByLetter-Info.plist";
				PRODUCT_NAME = "$(TARGET_NAME)";
				SPRITEKIT_TEXTURE_ATLAS_OUTPUT = YES;
				WRAPPER_EXTENSION = app;
			};
			name = Release;
		};
		C979300318F94CC30041AC30 /* Debug */ = {
			isa = XCBuildConfiguration;
			buildSettings = {
				BUNDLE_LOADER = "$(BUILT_PRODUCTS_DIR)/letterByLetter.app/letterByLetter";
				FRAMEWORK_SEARCH_PATHS = (
					"$(SDKROOT)/Developer/Library/Frameworks",
					"$(inherited)",
					"$(DEVELOPER_FRAMEWORKS_DIR)",
				);
				GCC_PRECOMPILE_PREFIX_HEADER = YES;
				GCC_PREFIX_HEADER = "letterByLetter/letterByLetter-Prefix.pch";
				GCC_PREPROCESSOR_DEFINITIONS = (
					"DEBUG=1",
					"$(inherited)",
				);
				INFOPLIST_FILE = "letterByLetterTests/letterByLetterTests-Info.plist";
				PRODUCT_NAME = "$(TARGET_NAME)";
				TEST_HOST = "$(BUNDLE_LOADER)";
				WRAPPER_EXTENSION = xctest;
			};
			name = Debug;
		};
		C979300418F94CC30041AC30 /* Release */ = {
			isa = XCBuildConfiguration;
			buildSettings = {
				BUNDLE_LOADER = "$(BUILT_PRODUCTS_DIR)/letterByLetter.app/letterByLetter";
				FRAMEWORK_SEARCH_PATHS = (
					"$(SDKROOT)/Developer/Library/Frameworks",
					"$(inherited)",
					"$(DEVELOPER_FRAMEWORKS_DIR)",
				);
				GCC_PRECOMPILE_PREFIX_HEADER = YES;
				GCC_PREFIX_HEADER = "letterByLetter/letterByLetter-Prefix.pch";
				INFOPLIST_FILE = "letterByLetterTests/letterByLetterTests-Info.plist";
				PRODUCT_NAME = "$(TARGET_NAME)";
				TEST_HOST = "$(BUNDLE_LOADER)";
				WRAPPER_EXTENSION = xctest;
			};
			name = Release;
		};
/* End XCBuildConfiguration section */

/* Begin XCConfigurationList section */
		C9792FC118F94CC30041AC30 /* Build configuration list for PBXProject "letterByLetter" */ = {
			isa = XCConfigurationList;
			buildConfigurations = (
				C9792FFD18F94CC30041AC30 /* Debug */,
				C9792FFE18F94CC30041AC30 /* Release */,
			);
			defaultConfigurationIsVisible = 0;
			defaultConfigurationName = Release;
		};
		C9792FFF18F94CC30041AC30 /* Build configuration list for PBXNativeTarget "letterByLetter" */ = {
			isa = XCConfigurationList;
			buildConfigurations = (
				C979300018F94CC30041AC30 /* Debug */,
				C979300118F94CC30041AC30 /* Release */,
			);
			defaultConfigurationIsVisible = 0;
		};
		C979300218F94CC30041AC30 /* Build configuration list for PBXNativeTarget "letterByLetterTests" */ = {
			isa = XCConfigurationList;
			buildConfigurations = (
				C979300318F94CC30041AC30 /* Debug */,
				C979300418F94CC30041AC30 /* Release */,
			);
			defaultConfigurationIsVisible = 0;
		};
/* End XCConfigurationList section */
	};
	rootObject = C9792FBE18F94CC30041AC30 /* Project object */;
}
